github.com/axiomhq/hyperloglog v0.2.5 h1:Hefy3i8nAs8zAI/tDp+wE7N+Ltr8JnwiW3875pvl0N8=
github.com/axiomhq/hyperloglog v0.2.5/go.mod h1:DLUK9yIzpU5B6YFLjxTIcbHu1g4Y1WQb1m5RH3radaM=
github.com/dgryski/go-metro v0.0.0-20180109044635-280f6062b5bc h1:8WFBn63wegobsYAX0YjD+8suexZDga5CctH4CCTx2+8=
github.com/dgryski/go-metro v0.0.0-20180109044635-280f6062b5bc/go.mod h1:c9O8+fpSOX1DM8cPNSkX/qsBWdkD4yd2dpciOWQjpBw=
github.com/fsnotify/fsnotify v1.8.0 h1:dAwr6QBTBZIkG8roQaJjGof0pp0EeF+tNV7YBP3F/8M=
github.com/fsnotify/fsnotify v1.8.0/go.mod h1:8jBTzvmWwFyi3Pb8djgCCO5IBqzKJ/Jwo8TRcHyHii0=
github.com/kamstrup/intmap v0.5.1 h1:ENGAowczZA+PJPYYlreoqJvWgQVtAmX1l899WfYFVK0=
github.com/kamstrup/intmap v0.5.1/go.mod h1:gWUVWHKzWj8xpJVFf5GC0O26bWmv3GqdnIX/LMT6Aq4=
github.com/pelletier/go-toml/v2 v2.2.3 h1:YmeHyLY8mFWbdkNWwpr+qIL2bEqT0o95WSdkNHvL12M=
github.com/pelletier/go-toml/v2 v2.2.3/go.mod h1:MfCQTFTvCcUyyvvwm1+G6H/jORL20Xlb6rzQu9GuUkc=
golang.org/x/sys v0.13.0 h1:Af8nKPmuFypiUBjVoU9V20FiaFXOcuZI21p0ycVYYGE=
golang.org/x/sys v0.13.0/go.mod h1:oPkhp1MJrh7nUepCBck5+mAzfO9JrbApNNgaTdGDITg=
